// !$*UTF8*$!
{
	archiveVersion = 1;
	classes = {
	};
	objectVersion = 46;
	objects = {

/* Begin PBXBuildFile section */
		1E8620BB1FF3B14A00FB58D3 /* AppDelegate.swift in Sources */ = {isa = PBXBuildFile; fileRef = 1E8620BA1FF3B14A00FB58D3 /* AppDelegate.swift */; };
		1E8620BD1FF3B14A00FB58D3 /* ViewController.swift in Sources */ = {isa = PBXBuildFile; fileRef = 1E8620BC1FF3B14A00FB58D3 /* ViewController.swift */; };
		1E8620C01FF3B14A00FB58D3 /* Main.storyboard in Resources */ = {isa = PBXBuildFile; fileRef = 1E8620BE1FF3B14A00FB58D3 /* Main.storyboard */; };
		1E8620C21FF3B14A00FB58D3 /* Assets.xcassets in Resources */ = {isa = PBXBuildFile; fileRef = 1E8620C11FF3B14A00FB58D3 /* Assets.xcassets */; };
		1E8620C51FF3B14A00FB58D3 /* LaunchScreen.storyboard in Resources */ = {isa = PBXBuildFile; fileRef = 1E8620C31FF3B14A00FB58D3 /* LaunchScreen.storyboard */; };
		1E8620D01FF3B14A00FB58D3 /* GitTutorialTests.swift in Sources */ = {isa = PBXBuildFile; fileRef = 1E8620CF1FF3B14A00FB58D3 /* GitTutorialTests.swift */; };
		1E8620DB1FF3B14A00FB58D3 /* GitTutorialUITests.swift in Sources */ = {isa = PBXBuildFile; fileRef = 1E8620DA1FF3B14A00FB58D3 /* GitTutorialUITests.swift */; };
/* End PBXBuildFile section */

/* Begin PBXContainerItemProxy section */
		1E8620CC1FF3B14A00FB58D3 /* PBXContainerItemProxy */ = {
			isa = PBXContainerItemProxy;
			containerPortal = 1E8620AF1FF3B14A00FB58D3 /* Project object */;
			proxyType = 1;
			remoteGlobalIDString = 1E8620B61FF3B14A00FB58D3;
			remoteInfo = GitTutorial;
		};
		1E8620D71FF3B14A00FB58D3 /* PBXContainerItemProxy */ = {
			isa = PBXContainerItemProxy;
			containerPortal = 1E8620AF1FF3B14A00FB58D3 /* Project object */;
			proxyType = 1;
			remoteGlobalIDString = 1E8620B61FF3B14A00FB58D3;
			remoteInfo = GitTutorial;
		};
/* End PBXContainerItemProxy section */

/* Begin PBXFileReference section */
		1E8620B71FF3B14A00FB58D3 /* GitTutorial.app */ = {isa = PBXFileReference; explicitFileType = wrapper.application; includeInIndex = 0; path = GitTutorial.app; sourceTree = BUILT_PRODUCTS_DIR; };
		1E8620BA1FF3B14A00FB58D3 /* AppDelegate.swift */ = {isa = PBXFileReference; lastKnownFileType = sourcecode.swift; path = AppDelegate.swift; sourceTree = "<group>"; };
		1E8620BC1FF3B14A00FB58D3 /* ViewController.swift */ = {isa = PBXFileReference; lastKnownFileType = sourcecode.swift; path = ViewController.swift; sourceTree = "<group>"; };
		1E8620BF1FF3B14A00FB58D3 /* Base */ = {isa = PBXFileReference; lastKnownFileType = file.storyboard; name = Base; path = Base.lproj/Main.storyboard; sourceTree = "<group>"; };
		1E8620C11FF3B14A00FB58D3 /* Assets.xcassets */ = {isa = PBXFileReference; lastKnownFileType = folder.assetcatalog; path = Assets.xcassets; sourceTree = "<group>"; };
		1E8620C41FF3B14A00FB58D3 /* Base */ = {isa = PBXFileReference; lastKnownFileType = file.storyboard; name = Base; path = Base.lproj/LaunchScreen.storyboard; sourceTree = "<group>"; };
		1E8620C61FF3B14A00FB58D3 /* Info.plist */ = {isa = PBXFileReference; lastKnownFileType = text.plist.xml; path = Info.plist; sourceTree = "<group>"; };
		1E8620CB1FF3B14A00FB58D3 /* GitTutorialTests.xctest */ = {isa = PBXFileReference; explicitFileType = wrapper.cfbundle; includeInIndex = 0; path = GitTutorialTests.xctest; sourceTree = BUILT_PRODUCTS_DIR; };
		1E8620CF1FF3B14A00FB58D3 /* GitTutorialTests.swift */ = {isa = PBXFileReference; lastKnownFileType = sourcecode.swift; path = GitTutorialTests.swift; sourceTree = "<group>"; };
		1E8620D11FF3B14A00FB58D3 /* Info.plist */ = {isa = PBXFileReference; lastKnownFileType = text.plist.xml; path = Info.plist; sourceTree = "<group>"; };
		1E8620D61FF3B14A00FB58D3 /* GitTutorialUITests.xctest */ = {isa = PBXFileReference; explicitFileType = wrapper.cfbundle; includeInIndex = 0; path = GitTutorialUITests.xctest; sourceTree = BUILT_PRODUCTS_DIR; };
		1E8620DA1FF3B14A00FB58D3 /* GitTutorialUITests.swift */ = {isa = PBXFileReference; lastKnownFileType = sourcecode.swift; path = GitTutorialUITests.swift; sourceTree = "<group>"; };
		1E8620DC1FF3B14A00FB58D3 /* Info.plist */ = {isa = PBXFileReference; lastKnownFileType = text.plist.xml; path = Info.plist; sourceTree = "<group>"; };
/* End PBXFileReference section */

/* Begin PBXFrameworksBuildPhase section */
		1E8620B41FF3B14A00FB58D3 /* Frameworks */ = {
			isa = PBXFrameworksBuildPhase;
			buildActionMask = 2147483647;
			files = (
			);
			runOnlyForDeploymentPostprocessing = 0;
		};
		1E8620C81FF3B14A00FB58D3 /* Frameworks */ = {
			isa = PBXFrameworksBuildPhase;
			buildActionMask = 2147483647;
			files = (
			);
			runOnlyForDeploymentPostprocessing = 0;
		};
		1E8620D31FF3B14A00FB58D3 /* Frameworks */ = {
			isa = PBXFrameworksBuildPhase;
			buildActionMask = 2147483647;
			files = (
			);
			runOnlyForDeploymentPostprocessing = 0;
		};
/* End PBXFrameworksBuildPhase section */

/* Begin PBXGroup section */
		1E8620AE1FF3B14A00FB58D3 = {
			isa = PBXGroup;
			children = (
				1E8620B91FF3B14A00FB58D3 /* GitTutorial */,
				1E8620CE1FF3B14A00FB58D3 /* GitTutorialTests */,
				1E8620D91FF3B14A00FB58D3 /* GitTutorialUITests */,
				1E8620B81FF3B14A00FB58D3 /* Products */,
			);
			sourceTree = "<group>";
		};
		1E8620B81FF3B14A00FB58D3 /* Products */ = {
			isa = PBXGroup;
			children = (
				1E8620B71FF3B14A00FB58D3 /* GitTutorial.app */,
				1E8620CB1FF3B14A00FB58D3 /* GitTutorialTests.xctest */,
				1E8620D61FF3B14A00FB58D3 /* GitTutorialUITests.xctest */,
			);
			name = Products;
			sourceTree = "<group>";
		};
		1E8620B91FF3B14A00FB58D3 /* GitTutorial */ = {
			isa = PBXGroup;
			children = (
				1E8620BA1FF3B14A00FB58D3 /* AppDelegate.swift */,
				1E8620BC1FF3B14A00FB58D3 /* ViewController.swift */,
				1E8620BE1FF3B14A00FB58D3 /* Main.storyboard */,
				1E8620C11FF3B14A00FB58D3 /* Assets.xcassets */,
				1E8620C31FF3B14A00FB58D3 /* LaunchScreen.storyboard */,
				1E8620C61FF3B14A00FB58D3 /* Info.plist */,
			);
			path = GitTutorial;
			sourceTree = "<group>";
		};
		1E8620CE1FF3B14A00FB58D3 /* GitTutorialTests */ = {
			isa = PBXGroup;
			children = (
				1E8620CF1FF3B14A00FB58D3 /* GitTutorialTests.swift */,
				1E8620D11FF3B14A00FB58D3 /* Info.plist */,
			);
			path = GitTutorialTests;
			sourceTree = "<group>";
		};
		1E8620D91FF3B14A00FB58D3 /* GitTutorialUITests */ = {
			isa = PBXGroup;
			children = (
				1E8620DA1FF3B14A00FB58D3 /* GitTutorialUITests.swift */,
				1E8620DC1FF3B14A00FB58D3 /* Info.plist */,
			);
			path = GitTutorialUITests;
			sourceTree = "<group>";
		};
/* End PBXGroup section */

/* Begin PBXNativeTarget section */
		1E8620B61FF3B14A00FB58D3 /* GitTutorial */ = {
			isa = PBXNativeTarget;
			buildConfigurationList = 1E8620DF1FF3B14A00FB58D3 /* Build configuration list for PBXNativeTarget "GitTutorial" */;
			buildPhases = (
				1E8620B31FF3B14A00FB58D3 /* Sources */,
				1E8620B41FF3B14A00FB58D3 /* Frameworks */,
				1E8620B51FF3B14A00FB58D3 /* Resources */,
			);
			buildRules = (
			);
			dependencies = (
			);
			name = GitTutorial;
			productName = GitTutorial;
			productReference = 1E8620B71FF3B14A00FB58D3 /* GitTutorial.app */;
			productType = "com.apple.product-type.application";
		};
		1E8620CA1FF3B14A00FB58D3 /* GitTutorialTests */ = {
			isa = PBXNativeTarget;
			buildConfigurationList = 1E8620E21FF3B14A00FB58D3 /* Build configuration list for PBXNativeTarget "GitTutorialTests" */;
			buildPhases = (
				1E8620C71FF3B14A00FB58D3 /* Sources */,
				1E8620C81FF3B14A00FB58D3 /* Frameworks */,
				1E8620C91FF3B14A00FB58D3 /* Resources */,
			);
			buildRules = (
			);
			dependencies = (
				1E8620CD1FF3B14A00FB58D3 /* PBXTargetDependency */,
			);
			name = GitTutorialTests;
			productName = GitTutorialTests;
			productReference = 1E8620CB1FF3B14A00FB58D3 /* GitTutorialTests.xctest */;
			productType = "com.apple.product-type.bundle.unit-test";
		};
		1E8620D51FF3B14A00FB58D3 /* GitTutorialUITests */ = {
			isa = PBXNativeTarget;
			buildConfigurationList = 1E8620E51FF3B14A00FB58D3 /* Build configuration list for PBXNativeTarget "GitTutorialUITests" */;
			buildPhases = (
				1E8620D21FF3B14A00FB58D3 /* Sources */,
				1E8620D31FF3B14A00FB58D3 /* Frameworks */,
				1E8620D41FF3B14A00FB58D3 /* Resources */,
			);
			buildRules = (
			);
			dependencies = (
				1E8620D81FF3B14A00FB58D3 /* PBXTargetDependency */,
			);
			name = GitTutorialUITests;
			productName = GitTutorialUITests;
			productReference = 1E8620D61FF3B14A00FB58D3 /* GitTutorialUITests.xctest */;
			productType = "com.apple.product-type.bundle.ui-testing";
		};
/* End PBXNativeTarget section */

/* Begin PBXProject section */
		1E8620AF1FF3B14A00FB58D3 /* Project object */ = {
			isa = PBXProject;
			attributes = {
				LastSwiftUpdateCheck = 0830;
				LastUpgradeCheck = 0830;
				ORGANIZATIONNAME = Shemona;
				TargetAttributes = {
					1E8620B61FF3B14A00FB58D3 = {
						CreatedOnToolsVersion = 8.3.3;
						ProvisioningStyle = Automatic;
					};
					1E8620CA1FF3B14A00FB58D3 = {
						CreatedOnToolsVersion = 8.3.3;
						ProvisioningStyle = Automatic;
						TestTargetID = 1E8620B61FF3B14A00FB58D3;
					};
					1E8620D51FF3B14A00FB58D3 = {
						CreatedOnToolsVersion = 8.3.3;
						ProvisioningStyle = Automatic;
						TestTargetID = 1E8620B61FF3B14A00FB58D3;
					};
				};
			};
			buildConfigurationList = 1E8620B21FF3B14A00FB58D3 /* Build configuration list for PBXProject "GitTutorial" */;
			compatibilityVersion = "Xcode 3.2";
			developmentRegion = English;
			hasScannedForEncodings = 0;
			knownRegions = (
				en,
				Base,
			);
			mainGroup = 1E8620AE1FF3B14A00FB58D3;
			productRefGroup = 1E8620B81FF3B14A00FB58D3 /* Products */;
			projectDirPath = "";
			projectRoot = "";
			targets = (
				1E8620B61FF3B14A00FB58D3 /* GitTutorial */,
				1E8620CA1FF3B14A00FB58D3 /* GitTutorialTests */,
				1E8620D51FF3B14A00FB58D3 /* GitTutorialUITests */,
			);
		};
/* End PBXProject section */

/* Begin PBXResourcesBuildPhase section */
		1E8620B51FF3B14A00FB58D3 /* Resources */ = {
			isa = PBXResourcesBuildPhase;
			buildActionMask = 2147483647;
			files = (
				1E8620C51FF3B14A00FB58D3 /* LaunchScreen.storyboard in Resources */,
				1E8620C21FF3B14A00FB58D3 /* Assets.xcassets in Resources */,
				1E8620C01FF3B14A00FB58D3 /* Main.storyboard in Resources */,
			);
			runOnlyForDeploymentPostprocessing = 0;
		};
		1E8620C91FF3B14A00FB58D3 /* Resources */ = {
			isa = PBXResourcesBuildPhase;
			buildActionMask = 2147483647;
			files = (
			);
			runOnlyForDeploymentPostprocessing = 0;
		};
		1E8620D41FF3B14A00FB58D3 /* Resources */ = {
			isa = PBXResourcesBuildPhase;
			buildActionMask = 2147483647;
			files = (
			);
			runOnlyForDeploymentPostprocessing = 0;
		};
/* End PBXResourcesBuildPhase section */

/* Begin PBXSourcesBuildPhase section */
		1E8620B31FF3B14A00FB58D3 /* Sources */ = {
			isa = PBXSourcesBuildPhase;
			buildActionMask = 2147483647;
			files = (
				1E8620BD1FF3B14A00FB58D3 /* ViewController.swift in Sources */,
				1E8620BB1FF3B14A00FB58D3 /* AppDelegate.swift in Sources */,
			);
			runOnlyForDeploymentPostprocessing = 0;
		};
		1E8620C71FF3B14A00FB58D3 /* Sources */ = {
			isa = PBXSourcesBuildPhase;
			buildActionMask = 2147483647;
			files = (
				1E8620D01FF3B14A00FB58D3 /* GitTutorialTests.swift in Sources */,
			);
			runOnlyForDeploymentPostprocessing = 0;
		};
		1E8620D21FF3B14A00FB58D3 /* Sources */ = {
			isa = PBXSourcesBuildPhase;
			buildActionMask = 2147483647;
			files = (
				1E8620DB1FF3B14A00FB58D3 /* GitTutorialUITests.swift in Sources */,
			);
			runOnlyForDeploymentPostprocessing = 0;
		};
/* End PBXSourcesBuildPhase section */

/* Begin PBXTargetDependency section */
		1E8620CD1FF3B14A00FB58D3 /* PBXTargetDependency */ = {
			isa = PBXTargetDependency;
			target = 1E8620B61FF3B14A00FB58D3 /* GitTutorial */;
			targetProxy = 1E8620CC1FF3B14A00FB58D3 /* PBXContainerItemProxy */;
		};
		1E8620D81FF3B14A00FB58D3 /* PBXTargetDependency */ = {
			isa = PBXTargetDependency;
			target = 1E8620B61FF3B14A00FB58D3 /* GitTutorial */;
			targetProxy = 1E8620D71FF3B14A00FB58D3 /* PBXContainerItemProxy */;
		};
/* End PBXTargetDependency section */

/* Begin PBXVariantGroup section */
		1E8620BE1FF3B14A00FB58D3 /* Main.storyboard */ = {
			isa = PBXVariantGroup;
			children = (
				1E8620BF1FF3B14A00FB58D3 /* Base */,
			);
			name = Main.storyboard;
			sourceTree = "<group>";
		};
		1E8620C31FF3B14A00FB58D3 /* LaunchScreen.storyboard */ = {
			isa = PBXVariantGroup;
			children = (
				1E8620C41FF3B14A00FB58D3 /* Base */,
			);
			name = LaunchScreen.storyboard;
			sourceTree = "<group>";
		};
/* End PBXVariantGroup section */

/* Begin XCBuildConfiguration section */
		1E8620DD1FF3B14A00FB58D3 /* Debug */ = {
			isa = XCBuildConfiguration;
			buildSettings = {
				ALWAYS_SEARCH_USER_PATHS = NO;
				CLANG_ANALYZER_NONNULL = YES;
				CLANG_ANALYZER_NUMBER_OBJECT_CONVERSION = YES_AGGRESSIVE;
				CLANG_CXX_LANGUAGE_STANDARD = "gnu++0x";
				CLANG_CXX_LIBRARY = "libc++";
				CLANG_ENABLE_MODULES = YES;
				CLANG_ENABLE_OBJC_ARC = YES;
				CLANG_WARN_BOOL_CONVERSION = YES;
				CLANG_WARN_CONSTANT_CONVERSION = YES;
				CLANG_WARN_DIRECT_OBJC_ISA_USAGE = YES_ERROR;
				CLANG_WARN_DOCUMENTATION_COMMENTS = YES;
				CLANG_WARN_EMPTY_BODY = YES;
				CLANG_WARN_ENUM_CONVERSION = YES;
				CLANG_WARN_INFINITE_RECURSION = YES;
				CLANG_WARN_INT_CONVERSION = YES;
				CLANG_WARN_OBJC_ROOT_CLASS = YES_ERROR;
				CLANG_WARN_SUSPICIOUS_MOVE = YES;
				CLANG_WARN_UNREACHABLE_CODE = YES;
				CLANG_WARN__DUPLICATE_METHOD_MATCH = YES;
				"CODE_SIGN_IDENTITY[sdk=iphoneos*]" = "iPhone Developer";
				COPY_PHASE_STRIP = NO;
				DEBUG_INFORMATION_FORMAT = dwarf;
				ENABLE_STRICT_OBJC_MSGSEND = YES;
				ENABLE_TESTABILITY = YES;
				GCC_C_LANGUAGE_STANDARD = gnu99;
				GCC_DYNAMIC_NO_PIC = NO;
				GCC_NO_COMMON_BLOCKS = YES;
				GCC_OPTIMIZATION_LEVEL = 0;
				GCC_PREPROCESSOR_DEFINITIONS = (
					"DEBUG=1",
					"$(inherited)",
				);
				GCC_WARN_64_TO_32_BIT_CONVERSION = YES;
				GCC_WARN_ABOUT_RETURN_TYPE = YES_ERROR;
				GCC_WARN_UNDECLARED_SELECTOR = YES;
				GCC_WARN_UNINITIALIZED_AUTOS = YES_AGGRESSIVE;
				GCC_WARN_UNUSED_FUNCTION = YES;
				GCC_WARN_UNUSED_VARIABLE = YES;
				IPHONEOS_DEPLOYMENT_TARGET = 10.3;
				MTL_ENABLE_DEBUG_INFO = YES;
				ONLY_ACTIVE_ARCH = YES;
				SDKROOT = iphoneos;
				SWIFT_ACTIVE_COMPILATION_CONDITIONS = DEBUG;
				SWIFT_OPTIMIZATION_LEVEL = "-Onone";
				TARGETED_DEVICE_FAMILY = "1,2";
			};
			name = Debug;
		};
		1E8620DE1FF3B14A00FB58D3 /* Release */ = {
			isa = XCBuildConfiguration;
			buildSettings = {
				ALWAYS_SEARCH_USER_PATHS = NO;
				CLANG_ANALYZER_NONNULL = YES;
				CLANG_ANALYZER_NUMBER_OBJECT_CONVERSION = YES_AGGRESSIVE;
				CLANG_CXX_LANGUAGE_STANDARD = "gnu++0x";
				CLANG_CXX_LIBRARY = "libc++";
				CLANG_ENABLE_MODULES = YES;
				CLANG_ENABLE_OBJC_ARC = YES;
				CLANG_WARN_BOOL_CONVERSION = YES;
				CLANG_WARN_CONSTANT_CONVERSION = YES;
				CLANG_WARN_DIRECT_OBJC_ISA_USAGE = YES_ERROR;
				CLANG_WARN_DOCUMENTATION_COMMENTS = YES;
				CLANG_WARN_EMPTY_BODY = YES;
				CLANG_WARN_ENUM_CONVERSION = YES;
				CLANG_WARN_INFINITE_RECURSION = YES;
				CLANG_WARN_INT_CONVERSION = YES;
				CLANG_WARN_OBJC_ROOT_CLASS = YES_ERROR;
				CLANG_WARN_SUSPICIOUS_MOVE = YES;
				CLANG_WARN_UNREACHABLE_CODE = YES;
				CLANG_WARN__DUPLICATE_METHOD_MATCH = YES;
				"CODE_SIGN_IDENTITY[sdk=iphoneos*]" = "iPhone Developer";
				COPY_PHASE_STRIP = NO;
				DEBUG_INFORMATION_FORMAT = "dwarf-with-dsym";
				ENABLE_NS_ASSERTIONS = NO;
				ENABLE_STRICT_OBJC_MSGSEND = YES;
				GCC_C_LANGUAGE_STANDARD = gnu99;
				GCC_NO_COMMON_BLOCKS = YES;
				GCC_WARN_64_TO_32_BIT_CONVERSION = YES;
				GCC_WARN_ABOUT_RETURN_TYPE = YES_ERROR;
				GCC_WARN_UNDECLARED_SELECTOR = YES;
				GCC_WARN_UNINITIALIZED_AUTOS = YES_AGGRESSIVE;
				GCC_WARN_UNUSED_FUNCTION = YES;
				GCC_WARN_UNUSED_VARIABLE = YES;
				IPHONEOS_DEPLOYMENT_TARGET = 10.3;
				MTL_ENABLE_DEBUG_INFO = NO;
				SDKROOT = iphoneos;
				SWIFT_OPTIMIZATION_LEVEL = "-Owholemodule";
				TARGETED_DEVICE_FAMILY = "1,2";
				VALIDATE_PRODUCT = YES;
			};
			name = Release;
		};
		1E8620E01FF3B14A00FB58D3 /* Debug */ = {
			isa = XCBuildConfiguration;
			buildSettings = {
				ASSETCATALOG_COMPILER_APPICON_NAME = AppIcon;
				INFOPLIST_FILE = GitTutorial/Info.plist;
				LD_RUNPATH_SEARCH_PATHS = "$(inherited) @executable_path/Frameworks";
				PRODUCT_BUNDLE_IDENTIFIER = com.ios.gittutorial.GitTutorial;
				PRODUCT_NAME = "$(TARGET_NAME)";
				SWIFT_VERSION = 3.0;
			};
			name = Debug;
		};
		1E8620E11FF3B14A00FB58D3 /* Release */ = {
			isa = XCBuildConfiguration;
			buildSettings = {
				ASSETCATALOG_COMPILER_APPICON_NAME = AppIcon;
				INFOPLIST_FILE = GitTutorial/Info.plist;
				LD_RUNPATH_SEARCH_PATHS = "$(inherited) @executable_path/Frameworks";
				PRODUCT_BUNDLE_IDENTIFIER = com.ios.gittutorial.GitTutorial;
				PRODUCT_NAME = "$(TARGET_NAME)";
				SWIFT_VERSION = 3.0;
			};
			name = Release;
		};
		1E8620E31FF3B14A00FB58D3 /* Debug */ = {
			isa = XCBuildConfiguration;
			buildSettings = {
				ALWAYS_EMBED_SWIFT_STANDARD_LIBRARIES = YES;
				BUNDLE_LOADER = "$(TEST_HOST)";
				INFOPLIST_FILE = GitTutorialTests/Info.plist;
				LD_RUNPATH_SEARCH_PATHS = "$(inherited) @executable_path/Frameworks @loader_path/Frameworks";
				PRODUCT_BUNDLE_IDENTIFIER = com.ios.gittutorial.GitTutorialTests;
				PRODUCT_NAME = "$(TARGET_NAME)";
				SWIFT_VERSION = 3.0;
				TEST_HOST = "$(BUILT_PRODUCTS_DIR)/GitTutorial.app/GitTutorial";
			};
			name = Debug;
		};
		1E8620E41FF3B14A00FB58D3 /* Release */ = {
			isa = XCBuildConfiguration;
			buildSettings = {
				ALWAYS_EMBED_SWIFT_STANDARD_LIBRARIES = YES;
				BUNDLE_LOADER = "$(TEST_HOST)";
				INFOPLIST_FILE = GitTutorialTests/Info.plist;
				LD_RUNPATH_SEARCH_PATHS = "$(inherited) @executable_path/Frameworks @loader_path/Frameworks";
				PRODUCT_BUNDLE_IDENTIFIER = com.ios.gittutorial.GitTutorialTests;
				PRODUCT_NAME = "$(TARGET_NAME)";
				SWIFT_VERSION = 3.0;
				TEST_HOST = "$(BUILT_PRODUCTS_DIR)/GitTutorial.app/GitTutorial";
			};
			name = Release;
		};
		1E8620E61FF3B14A00FB58D3 /* Debug */ = {
			isa = XCBuildConfiguration;
			buildSettings = {
				ALWAYS_EMBED_SWIFT_STANDARD_LIBRARIES = YES;
				INFOPLIST_FILE = GitTutorialUITests/Info.plist;
				LD_RUNPATH_SEARCH_PATHS = "$(inherited) @executable_path/Frameworks @loader_path/Frameworks";
				PRODUCT_BUNDLE_IDENTIFIER = com.ios.gittutorial.GitTutorialUITests;
				PRODUCT_NAME = "$(TARGET_NAME)";
				SWIFT_VERSION = 3.0;
				TEST_TARGET_NAME = GitTutorial;
			};
			name = Debug;
		};
		1E8620E71FF3B14A00FB58D3 /* Release */ = {
			isa = XCBuildConfiguration;
			buildSettings = {
				ALWAYS_EMBED_SWIFT_STANDARD_LIBRARIES = YES;
				INFOPLIST_FILE = GitTutorialUITests/Info.plist;
				LD_RUNPATH_SEARCH_PATHS = "$(inherited) @executable_path/Frameworks @loader_path/Frameworks";
				PRODUCT_BUNDLE_IDENTIFIER = com.ios.gittutorial.GitTutorialUITests;
				PRODUCT_NAME = "$(TARGET_NAME)";
				SWIFT_VERSION = 3.0;
				TEST_TARGET_NAME = GitTutorial;
			};
			name = Release;
		};
/* End XCBuildConfiguration section */

/* Begin XCConfigurationList section */
		1E8620B21FF3B14A00FB58D3 /* Build configuration list for PBXProject "GitTutorial" */ = {
			isa = XCConfigurationList;
			buildConfigurations = (
				1E8620DD1FF3B14A00FB58D3 /* Debug */,
				1E8620DE1FF3B14A00FB58D3 /* Release */,
			);
			defaultConfigurationIsVisible = 0;
			defaultConfigurationName = Release;
		};
		1E8620DF1FF3B14A00FB58D3 /* Build configuration list for PBXNativeTarget "GitTutorial" */ = {
			isa = XCConfigurationList;
			buildConfigurations = (
				1E8620E01FF3B14A00FB58D3 /* Debug */,
				1E8620E11FF3B14A00FB58D3 /* Release */,
			);
			defaultConfigurationIsVisible = 0;
		};
		1E8620E21FF3B14A00FB58D3 /* Build configuration list for PBXNativeTarget "GitTutorialTests" */ = {
			isa = XCConfigurationList;
			buildConfigurations = (
				1E8620E31FF3B14A00FB58D3 /* Debug */,
				1E8620E41FF3B14A00FB58D3 /* Release */,
			);
			defaultConfigurationIsVisible = 0;
		};
		1E8620E51FF3B14A00FB58D3 /* Build configuration list for PBXNativeTarget "GitTutorialUITests" */ = {
			isa = XCConfigurationList;
			buildConfigurations = (
				1E8620E61FF3B14A00FB58D3 /* Debug */,
				1E8620E71FF3B14A00FB58D3 /* Release */,
			);
			defaultConfigurationIsVisible = 0;
		};
/* End XCConfigurationList section */
	};
	rootObject = 1E8620AF1FF3B14A00FB58D3 /* Project object */;
}
